
Microsoft Visual Studio Solution File, Format Version 12.00
# Visual Studio Version 16
VisualStudioVersion = 16.0.33927.289
MinimumVisualStudioVersion = 10.0.40219.1
Project("{F184B08F-C81C-45F6-A57F-5ABD9991F28F}") = "Activity 3 - DHT11 Sensor", "Activity 3 - DHT11 Sensor\Activity 3 - DHT11 Sensor.vbproj", "{7E73BF93-1280-4DCB-A515-6C5E06580B2E}"
EndProject
Global
	GlobalSection(SolutionConfigurationPlatforms) = preSolution
		Debug|Any CPU = Debug|Any CPU
		Release|Any CPU = Release|Any CPU
	EndGlobalSection
	GlobalSection(ProjectConfigurationPlatforms) = postSolution
		{7E73BF93-1280-4DCB-A515-6C5E06580B2E}.Debug|Any CPU.ActiveCfg = Debug|Any CPU
		{7E73BF93-1280-4DCB-A515-6C5E06580B2E}.Debug|Any CPU.Build.0 = Debug|Any CPU
		{7E73BF93-1280-4DCB-A515-6C5E06580B2E}.Release|Any CPU.ActiveCfg = Release|Any CPU
		{7E73BF93-1280-4DCB-A515-6C5E06580B2E}.Release|Any CPU.Build.0 = Release|Any CPU
	EndGlobalSection
	GlobalSection(SolutionProperties) = preSolution
		HideSolutionNode = FALSE
	EndGlobalSection
	GlobalSection(ExtensibilityGlobals) = postSolution
		SolutionGuid = {FC11155F-9125-4E35-B65B-1A46153E3EFE}
	EndGlobalSection
EndGlobal
